{
    "_readme": [
        "This file locks the dependencies of your project to a known state",
        "Read more about it at https://getcomposer.org/doc/01-basic-usage.md#composer-lock-the-lock-file",
        "This file is @generated automatically"
    ],
    "hash": "7590662d202b3cc914076e526b9d6b8a",
    "content-hash": "9eea61e8220f45f30628782c253d821f",
    "packages": [],
    "packages-dev": [],
    "aliases": [],
    "minimum-stability": "stable",
    "stability-flags": [],
    "prefer-stable": false,
    "prefer-lowest": false,
    "platform": {
        "php": "^5.6.25",
        "ext-mbstring": "*",
        "ext-gd": "*"
    },
    "platform-dev": []
}
